
Microsoft Visual Studio Solution File, Format Version 12.00
# Visual Studio Version 17
VisualStudioVersion = 17.5.33627.172
MinimumVisualStudioVersion = 10.0.40219.1
Project("{FAE04EC0-301F-11D3-BF4B-00C04F79EFBC}") = "poliklinica", "poliklinica\poliklinica.csproj", "{DD09164E-5F8B-4A8D-8166-63A41BCBF012}"
EndProject
Global
	GlobalSection(SolutionConfigurationPlatforms) = preSolution
		Debug|Any CPU = Debug|Any CPU
		Release|Any CPU = Release|Any CPU
	EndGlobalSection
	GlobalSection(ProjectConfigurationPlatforms) = postSolution
		{DD09164E-5F8B-4A8D-8166-63A41BCBF012}.Debug|Any CPU.ActiveCfg = Debug|Any CPU
		{DD09164E-5F8B-4A8D-8166-63A41BCBF012}.Debug|Any CPU.Build.0 = Debug|Any CPU
		{DD09164E-5F8B-4A8D-8166-63A41BCBF012}.Release|Any CPU.ActiveCfg = Release|Any CPU
		{DD09164E-5F8B-4A8D-8166-63A41BCBF012}.Release|Any CPU.Build.0 = Release|Any CPU
	EndGlobalSection
	GlobalSection(SolutionProperties) = preSolution
		HideSolutionNode = FALSE
	EndGlobalSection
	GlobalSection(ExtensibilityGlobals) = postSolution
		SolutionGuid = {F83AD8CD-E128-4DCC-8534-42B2A291F71E}
	EndGlobalSection
EndGlobal
